name: assemble-lock
on:
  push:
    paths:
      - '.github/workflows/assemble-lock.yml'
      - 'package.json'
  workflow_dispatch:
jobs:
  assemble:
    if: github.ref == 'refs/heads/main'
    runs-on: ubuntu-latest
    permissions:
      contents: write
    steps:
      - uses: actions/checkout@v4
      - uses: actions/setup-node@v4
        with:
          node-version: '20'
          registry-url: 'https://registry.npmjs.org'
      - name: Create package-lock.json
        run: npm install --package-lock-only --ignore-scripts
      - name: Commit lockfile and remove helper workflow
        run: |
          set -euo pipefail
          test -f package-lock.json
          python3 -c "import json; json.load(open('package-lock.json'))"
          git config user.name "github-actions[bot]"
          git config user.email "41898282+github-actions[bot]@users.noreply.github.com"
          rm -f .github/workflows/assemble-lock.yml
          git add package-lock.json
          git add -A
          git status
          git commit -m "Add package-lock.json"
          git push
